uuid: bc7e73b9-7d14-4b4d-b901-1c55d88b4fc6
langcode: fr
status: true
dependencies:
  module:
    - mespronos
  theme:
    - bartik
id: welcomeblock
theme: bartik
region: content
weight: -4
provider: null
plugin: welcome_block
settings:
  id: welcome_block
  label: 'Welcome block'
  provider: mespronos
  label_display: '0'
  mespronos_welcome_message: Lorem
visibility: {  }
