uuid: d5ff8bb5-0296-43fd-a7c9-b7b145f85bb2
langcode: fr
status: true
dependencies:
  module:
    - mespronos_group
    - system
  theme:
    - mespronos_front
id: grouprankingblock
theme: mespronos_front
region: content
weight: -5
provider: null
plugin: ranking_group_block
settings:
  id: ranking_group_block
  label: 'Group Ranking Blockaaaa'
  provider: mespronos_group
  label_display: visible
visibility:
  request_path:
    id: request_path
    pages: "<front>\r\n"
    negate: false
    context_mapping: {  }
