uuid: e0e49435-0b67-4c07-bc77-b576ba8bf353
langcode: fr
status: true
dependencies:
  module:
    - mespronos_group
    - system
  theme:
    - mespronos_front
id: groupmembersblock
theme: mespronos_front
region: content
weight: -8
provider: null
plugin: group_members_block
settings:
  id: group_members_block
  label: Members
  provider: mespronos_group
  label_display: visible
visibility:
  request_path:
    id: request_path
    pages: '/mespronos/group/*'
    negate: false
    context_mapping: {  }
